
Microsoft Visual Studio Solution File, Format Version 12.00
# Visual Studio Version 17
VisualStudioVersion = 17.0.31903.59
MinimumVisualStudioVersion = 10.0.40219.1
Project("{2150E333-8FDC-42A3-9474-1A3956D46DE8}") = "Business", "Business", "{DEBFAE76-07F5-4B2A-8D00-D2BAB5A820D9}"
EndProject
Project("{2150E333-8FDC-42A3-9474-1A3956D46DE8}") = "Services", "Services", "{C7DEA2D4-9459-4919-8F0B-045AE6FB000B}"
EndProject
Project("{9A19103F-16F7-4668-BE54-9A1E7A4F7556}") = "BookStoreAPI", "BookStoreAPI\BookStoreAPI.csproj", "{8B7659AB-EC79-4DB9-BFA3-62ECE549CCD0}"
EndProject
Project("{9A19103F-16F7-4668-BE54-9A1E7A4F7556}") = "IdentityServerOld", "IdentityServerOld\IdentityServerOld.csproj", "{E5966154-60F6-4A60-83AC-C3C8C46025DB}"
EndProject
Project("{9A19103F-16F7-4668-BE54-9A1E7A4F7556}") = "IdentityServer", "IdentityServer\IdentityServer.csproj", "{EFF0622C-910B-431A-A34A-B1FBE9F5F224}"
EndProject
Project("{2150E333-8FDC-42A3-9474-1A3956D46DE8}") = "Scripts", "Scripts", "{1E5527E5-5C23-4535-8678-D7599C17BE97}"
	ProjectSection(SolutionItems) = preProject
		GenerateSha256.ps1 = GenerateSha256.ps1
	EndProjectSection
EndProject
Project("{2150E333-8FDC-42A3-9474-1A3956D46DE8}") = "Solution Items", "Solution Items", "{DE02EC1C-14DC-498A-9A55-82BA5A7ECE9A}"
	ProjectSection(SolutionItems) = preProject
		README.md = README.md
	EndProjectSection
EndProject
Global
	GlobalSection(SolutionConfigurationPlatforms) = preSolution
		Debug|Any CPU = Debug|Any CPU
		Release|Any CPU = Release|Any CPU
	EndGlobalSection
	GlobalSection(ProjectConfigurationPlatforms) = postSolution
		{8B7659AB-EC79-4DB9-BFA3-62ECE549CCD0}.Debug|Any CPU.ActiveCfg = Debug|Any CPU
		{8B7659AB-EC79-4DB9-BFA3-62ECE549CCD0}.Debug|Any CPU.Build.0 = Debug|Any CPU
		{8B7659AB-EC79-4DB9-BFA3-62ECE549CCD0}.Release|Any CPU.ActiveCfg = Release|Any CPU
		{8B7659AB-EC79-4DB9-BFA3-62ECE549CCD0}.Release|Any CPU.Build.0 = Release|Any CPU
		{E5966154-60F6-4A60-83AC-C3C8C46025DB}.Debug|Any CPU.ActiveCfg = Debug|Any CPU
		{E5966154-60F6-4A60-83AC-C3C8C46025DB}.Debug|Any CPU.Build.0 = Debug|Any CPU
		{E5966154-60F6-4A60-83AC-C3C8C46025DB}.Release|Any CPU.ActiveCfg = Release|Any CPU
		{E5966154-60F6-4A60-83AC-C3C8C46025DB}.Release|Any CPU.Build.0 = Release|Any CPU
		{EFF0622C-910B-431A-A34A-B1FBE9F5F224}.Debug|Any CPU.ActiveCfg = Debug|Any CPU
		{EFF0622C-910B-431A-A34A-B1FBE9F5F224}.Debug|Any CPU.Build.0 = Debug|Any CPU
		{EFF0622C-910B-431A-A34A-B1FBE9F5F224}.Release|Any CPU.ActiveCfg = Release|Any CPU
		{EFF0622C-910B-431A-A34A-B1FBE9F5F224}.Release|Any CPU.Build.0 = Release|Any CPU
	EndGlobalSection
	GlobalSection(SolutionProperties) = preSolution
		HideSolutionNode = FALSE
	EndGlobalSection
	GlobalSection(ExtensibilityGlobals) = postSolution
		SolutionGuid = {DAEECD1F-A76B-432E-8514-BF58EF43B03F}
	EndGlobalSection
EndGlobal
