
Microsoft Visual Studio Solution File, Format Version 12.00
# Visual Studio Version 17
VisualStudioVersion = 17.0.31903.59
MinimumVisualStudioVersion = 10.0.40219.1
Project("{2150E333-8FDC-42A3-9474-1A3956D46DE8}") = "Business", "Business", "{DEBFAE76-07F5-4B2A-8D00-D2BAB5A820D9}"
EndProject
Project("{2150E333-8FDC-42A3-9474-1A3956D46DE8}") = "Services", "Services", "{C7DEA2D4-9459-4919-8F0B-045AE6FB000B}"
EndProject
Project("{FAE04EC0-301F-11D3-BF4B-00C04F79EFBC}") = "Services/BookStoreAPI", "BookStoreAPI\BookStoreAPI.csproj", "{8B7659AB-EC79-4DB9-BFA3-62ECE549CCD0}"
EndProject
Project("{FAE04EC0-301F-11D3-BF4B-00C04F79EFBC}") = "IdentityServerOld", "IdentityServerOld\IdentityServerOld.csproj", "{E5966154-60F6-4A60-83AC-C3C8C46025DB}"
EndProject
Project("{FAE04EC0-301F-11D3-BF4B-00C04F79EFBC}") = "IdentityServer", "IdentityServer\IdentityServer.csproj", "{EFF0622C-910B-431A-A34A-B1FBE9F5F224}"
EndProject
Project("{FAE04EC0-301F-11D3-BF4B-00C04F79EFBC}") = "ISClient", "ISClient\ISClient.csproj", "{2A53072E-76CB-45F9-9122-E9CA1E5CB832}"
EndProject
Global
	GlobalSection(SolutionConfigurationPlatforms) = preSolution
		Debug|Any CPU = Debug|Any CPU
		Release|Any CPU = Release|Any CPU
	EndGlobalSection
	GlobalSection(ProjectConfigurationPlatforms) = postSolution
		{8B7659AB-EC79-4DB9-BFA3-62ECE549CCD0}.Debug|Any CPU.ActiveCfg = Debug|Any CPU
		{8B7659AB-EC79-4DB9-BFA3-62ECE549CCD0}.Debug|Any CPU.Build.0 = Debug|Any CPU
		{8B7659AB-EC79-4DB9-BFA3-62ECE549CCD0}.Release|Any CPU.ActiveCfg = Release|Any CPU
		{8B7659AB-EC79-4DB9-BFA3-62ECE549CCD0}.Release|Any CPU.Build.0 = Release|Any CPU
		{E5966154-60F6-4A60-83AC-C3C8C46025DB}.Debug|Any CPU.ActiveCfg = Debug|Any CPU
		{E5966154-60F6-4A60-83AC-C3C8C46025DB}.Debug|Any CPU.Build.0 = Debug|Any CPU
		{E5966154-60F6-4A60-83AC-C3C8C46025DB}.Release|Any CPU.ActiveCfg = Release|Any CPU
		{E5966154-60F6-4A60-83AC-C3C8C46025DB}.Release|Any CPU.Build.0 = Release|Any CPU
		{EFF0622C-910B-431A-A34A-B1FBE9F5F224}.Debug|Any CPU.ActiveCfg = Debug|Any CPU
		{EFF0622C-910B-431A-A34A-B1FBE9F5F224}.Debug|Any CPU.Build.0 = Debug|Any CPU
		{EFF0622C-910B-431A-A34A-B1FBE9F5F224}.Release|Any CPU.ActiveCfg = Release|Any CPU
		{EFF0622C-910B-431A-A34A-B1FBE9F5F224}.Release|Any CPU.Build.0 = Release|Any CPU
		{2A53072E-76CB-45F9-9122-E9CA1E5CB832}.Debug|Any CPU.ActiveCfg = Debug|Any CPU
		{2A53072E-76CB-45F9-9122-E9CA1E5CB832}.Debug|Any CPU.Build.0 = Debug|Any CPU
		{2A53072E-76CB-45F9-9122-E9CA1E5CB832}.Release|Any CPU.ActiveCfg = Release|Any CPU
		{2A53072E-76CB-45F9-9122-E9CA1E5CB832}.Release|Any CPU.Build.0 = Release|Any CPU
	EndGlobalSection
	GlobalSection(SolutionProperties) = preSolution
		HideSolutionNode = FALSE
	EndGlobalSection
EndGlobal
